
Microsoft Visual Studio Solution File, Format Version 11.00
# Visual Studio 2010
Project("{FAE04EC0-301F-11D3-BF4B-00C04F79EFBC}") = "CBSVersion1aCS", "Assignment3CBS\CBSVersion1aCS.csproj", "{A445A161-8A82-4EED-8CE2-305A02D927A6}"
EndProject
Global
	GlobalSection(SolutionConfigurationPlatforms) = preSolution
		Debug|x86 = Debug|x86
		Release|x86 = Release|x86
	EndGlobalSection
	GlobalSection(ProjectConfigurationPlatforms) = postSolution
		{A445A161-8A82-4EED-8CE2-305A02D927A6}.Debug|x86.ActiveCfg = Debug|x86
		{A445A161-8A82-4EED-8CE2-305A02D927A6}.Debug|x86.Build.0 = Debug|x86
		{A445A161-8A82-4EED-8CE2-305A02D927A6}.Release|x86.ActiveCfg = Release|x86
		{A445A161-8A82-4EED-8CE2-305A02D927A6}.Release|x86.Build.0 = Release|x86
	EndGlobalSection
	GlobalSection(SolutionProperties) = preSolution
		HideSolutionNode = FALSE
	EndGlobalSection
EndGlobal
