
Microsoft Visual Studio Solution File, Format Version 11.00
# Visual Studio 2010
Project("{FAE04EC0-301F-11D3-BF4B-00C04F79EFBC}") = "ClockProgram", "ClockProgram\ClockProgram.csproj", "{DA015A5F-0BFC-4DB7-BA82-D0D6902CC29B}"
EndProject
Global
	GlobalSection(SolutionConfigurationPlatforms) = preSolution
		Debug|x86 = Debug|x86
		Release|x86 = Release|x86
	EndGlobalSection
	GlobalSection(ProjectConfigurationPlatforms) = postSolution
		{DA015A5F-0BFC-4DB7-BA82-D0D6902CC29B}.Debug|x86.ActiveCfg = Debug|x86
		{DA015A5F-0BFC-4DB7-BA82-D0D6902CC29B}.Debug|x86.Build.0 = Debug|x86
		{DA015A5F-0BFC-4DB7-BA82-D0D6902CC29B}.Release|x86.ActiveCfg = Release|x86
		{DA015A5F-0BFC-4DB7-BA82-D0D6902CC29B}.Release|x86.Build.0 = Release|x86
	EndGlobalSection
	GlobalSection(SolutionProperties) = preSolution
		HideSolutionNode = FALSE
	EndGlobalSection
EndGlobal
